// !$*UTF8*$!
{
	archiveVersion = 1;
	classes = {
	};
	objectVersion = 46;
	objects = {

/* Begin PBXBuildFile section */
		BC3341661CBB6403009237F3 /* Enemies in Resources */ = {isa = PBXBuildFile; fileRef = BC3341651CBB6403009237F3 /* Enemies */; };
		E33FA23C1CBB443C003E8933 /* AppDelegate.swift in Sources */ = {isa = PBXBuildFile; fileRef = E33FA23B1CBB443C003E8933 /* AppDelegate.swift */; };
		E33FA23E1CBB443C003E8933 /* GameScene.sks in Resources */ = {isa = PBXBuildFile; fileRef = E33FA23D1CBB443C003E8933 /* GameScene.sks */; };
		E33FA2401CBB443C003E8933 /* GameScene.swift in Sources */ = {isa = PBXBuildFile; fileRef = E33FA23F1CBB443C003E8933 /* GameScene.swift */; };
		E33FA2421CBB443C003E8933 /* GameViewController.swift in Sources */ = {isa = PBXBuildFile; fileRef = E33FA2411CBB443C003E8933 /* GameViewController.swift */; };
		E33FA2451CBB443C003E8933 /* Main.storyboard in Resources */ = {isa = PBXBuildFile; fileRef = E33FA2431CBB443C003E8933 /* Main.storyboard */; };
		E33FA2471CBB443C003E8933 /* Assets.xcassets in Resources */ = {isa = PBXBuildFile; fileRef = E33FA2461CBB443C003E8933 /* Assets.xcassets */; };
		E33FA24A1CBB443C003E8933 /* LaunchScreen.storyboard in Resources */ = {isa = PBXBuildFile; fileRef = E33FA2481CBB443C003E8933 /* LaunchScreen.storyboard */; };
		E33FA2551CBB443C003E8933 /* OneTowerDefenseTests.swift in Sources */ = {isa = PBXBuildFile; fileRef = E33FA2541CBB443C003E8933 /* OneTowerDefenseTests.swift */; };
		E33FA2601CBB443C003E8933 /* OneTowerDefenseUITests.swift in Sources */ = {isa = PBXBuildFile; fileRef = E33FA25F1CBB443C003E8933 /* OneTowerDefenseUITests.swift */; };
		E33FA26E1CBB446B003E8933 /* inputHelper.swift in Sources */ = {isa = PBXBuildFile; fileRef = E33FA26D1CBB446B003E8933 /* inputHelper.swift */; };
		E395B37F1CC0A8FC0065E076 /* Turret.swift in Sources */ = {isa = PBXBuildFile; fileRef = E395B37E1CC0A8FC0065E076 /* Turret.swift */; };
		E395B3811CC0A9030065E076 /* Bullet.swift in Sources */ = {isa = PBXBuildFile; fileRef = E395B3801CC0A9030065E076 /* Bullet.swift */; };
		E395B3831CC0AA150065E076 /* Enemy.swift in Sources */ = {isa = PBXBuildFile; fileRef = E395B3821CC0AA150065E076 /* Enemy.swift */; };
/* End PBXBuildFile section */

/* Begin PBXContainerItemProxy section */
		E33FA2511CBB443C003E8933 /* PBXContainerItemProxy */ = {
			isa = PBXContainerItemProxy;
			containerPortal = E33FA2301CBB443C003E8933 /* Project object */;
			proxyType = 1;
			remoteGlobalIDString = E33FA2371CBB443C003E8933;
			remoteInfo = OneTowerDefense;
		};
		E33FA25C1CBB443C003E8933 /* PBXContainerItemProxy */ = {
			isa = PBXContainerItemProxy;
			containerPortal = E33FA2301CBB443C003E8933 /* Project object */;
			proxyType = 1;
			remoteGlobalIDString = E33FA2371CBB443C003E8933;
			remoteInfo = OneTowerDefense;
		};
/* End PBXContainerItemProxy section */

/* Begin PBXFileReference section */
		BC3341651CBB6403009237F3 /* Enemies */ = {isa = PBXFileReference; lastKnownFileType = folder; name = Enemies; path = OneTowerDefense/Enemies; sourceTree = "<group>"; };
		E33FA2381CBB443C003E8933 /* OneTowerDefense.app */ = {isa = PBXFileReference; explicitFileType = wrapper.application; includeInIndex = 0; path = OneTowerDefense.app; sourceTree = BUILT_PRODUCTS_DIR; };
		E33FA23B1CBB443C003E8933 /* AppDelegate.swift */ = {isa = PBXFileReference; lastKnownFileType = sourcecode.swift; path = AppDelegate.swift; sourceTree = "<group>"; };
		E33FA23D1CBB443C003E8933 /* GameScene.sks */ = {isa = PBXFileReference; lastKnownFileType = file.sks; path = GameScene.sks; sourceTree = "<group>"; };
		E33FA23F1CBB443C003E8933 /* GameScene.swift */ = {isa = PBXFileReference; lastKnownFileType = sourcecode.swift; path = GameScene.swift; sourceTree = "<group>"; };
		E33FA2411CBB443C003E8933 /* GameViewController.swift */ = {isa = PBXFileReference; lastKnownFileType = sourcecode.swift; path = GameViewController.swift; sourceTree = "<group>"; };
		E33FA2441CBB443C003E8933 /* Base */ = {isa = PBXFileReference; lastKnownFileType = file.storyboard; name = Base; path = Base.lproj/Main.storyboard; sourceTree = "<group>"; };
		E33FA2461CBB443C003E8933 /* Assets.xcassets */ = {isa = PBXFileReference; lastKnownFileType = folder.assetcatalog; path = Assets.xcassets; sourceTree = "<group>"; };
		E33FA2491CBB443C003E8933 /* Base */ = {isa = PBXFileReference; lastKnownFileType = file.storyboard; name = Base; path = Base.lproj/LaunchScreen.storyboard; sourceTree = "<group>"; };
		E33FA24B1CBB443C003E8933 /* Info.plist */ = {isa = PBXFileReference; lastKnownFileType = text.plist.xml; path = Info.plist; sourceTree = "<group>"; };
		E33FA2501CBB443C003E8933 /* OneTowerDefenseTests.xctest */ = {isa = PBXFileReference; explicitFileType = wrapper.cfbundle; includeInIndex = 0; path = OneTowerDefenseTests.xctest; sourceTree = BUILT_PRODUCTS_DIR; };
		E33FA2541CBB443C003E8933 /* OneTowerDefenseTests.swift */ = {isa = PBXFileReference; lastKnownFileType = sourcecode.swift; path = OneTowerDefenseTests.swift; sourceTree = "<group>"; };
		E33FA2561CBB443C003E8933 /* Info.plist */ = {isa = PBXFileReference; lastKnownFileType = text.plist.xml; path = Info.plist; sourceTree = "<group>"; };
		E33FA25B1CBB443C003E8933 /* OneTowerDefenseUITests.xctest */ = {isa = PBXFileReference; explicitFileType = wrapper.cfbundle; includeInIndex = 0; path = OneTowerDefenseUITests.xctest; sourceTree = BUILT_PRODUCTS_DIR; };
		E33FA25F1CBB443C003E8933 /* OneTowerDefenseUITests.swift */ = {isa = PBXFileReference; lastKnownFileType = sourcecode.swift; path = OneTowerDefenseUITests.swift; sourceTree = "<group>"; };
		E33FA2611CBB443C003E8933 /* Info.plist */ = {isa = PBXFileReference; lastKnownFileType = text.plist.xml; path = Info.plist; sourceTree = "<group>"; };
		E33FA26D1CBB446B003E8933 /* inputHelper.swift */ = {isa = PBXFileReference; fileEncoding = 4; lastKnownFileType = sourcecode.swift; path = inputHelper.swift; sourceTree = "<group>"; };
		E395B37E1CC0A8FC0065E076 /* Turret.swift */ = {isa = PBXFileReference; fileEncoding = 4; lastKnownFileType = sourcecode.swift; name = Turret.swift; path = Enemies/Turret.swift; sourceTree = "<group>"; };
		E395B3801CC0A9030065E076 /* Bullet.swift */ = {isa = PBXFileReference; fileEncoding = 4; lastKnownFileType = sourcecode.swift; name = Bullet.swift; path = Enemies/Bullet.swift; sourceTree = "<group>"; };
		E395B3821CC0AA150065E076 /* Enemy.swift */ = {isa = PBXFileReference; fileEncoding = 4; lastKnownFileType = sourcecode.swift; name = Enemy.swift; path = Enemies/Enemy.swift; sourceTree = "<group>"; };
/* End PBXFileReference section */

/* Begin PBXFrameworksBuildPhase section */
		E33FA2351CBB443C003E8933 /* Frameworks */ = {
			isa = PBXFrameworksBuildPhase;
			buildActionMask = 2147483647;
			files = (
			);
			runOnlyForDeploymentPostprocessing = 0;
		};
		E33FA24D1CBB443C003E8933 /* Frameworks */ = {
			isa = PBXFrameworksBuildPhase;
			buildActionMask = 2147483647;
			files = (
			);
			runOnlyForDeploymentPostprocessing = 0;
		};
		E33FA2581CBB443C003E8933 /* Frameworks */ = {
			isa = PBXFrameworksBuildPhase;
			buildActionMask = 2147483647;
			files = (
			);
			runOnlyForDeploymentPostprocessing = 0;
		};
/* End PBXFrameworksBuildPhase section */

/* Begin PBXGroup section */
		E33FA22F1CBB443C003E8933 = {
			isa = PBXGroup;
			children = (
				BC3341651CBB6403009237F3 /* Enemies */,
				E33FA23A1CBB443C003E8933 /* OneTowerDefense */,
				E33FA2531CBB443C003E8933 /* OneTowerDefenseTests */,
				E33FA25E1CBB443C003E8933 /* OneTowerDefenseUITests */,
				E33FA2391CBB443C003E8933 /* Products */,
			);
			sourceTree = "<group>";
		};
		E33FA2391CBB443C003E8933 /* Products */ = {
			isa = PBXGroup;
			children = (
				E33FA2381CBB443C003E8933 /* OneTowerDefense.app */,
				E33FA2501CBB443C003E8933 /* OneTowerDefenseTests.xctest */,
				E33FA25B1CBB443C003E8933 /* OneTowerDefenseUITests.xctest */,
			);
			name = Products;
			sourceTree = "<group>";
		};
		E33FA23A1CBB443C003E8933 /* OneTowerDefense */ = {
			isa = PBXGroup;
			children = (
				E395B3821CC0AA150065E076 /* Enemy.swift */,
				E395B3801CC0A9030065E076 /* Bullet.swift */,
				E395B37E1CC0A8FC0065E076 /* Turret.swift */,
				E33FA23B1CBB443C003E8933 /* AppDelegate.swift */,
				E33FA23D1CBB443C003E8933 /* GameScene.sks */,
				E33FA23F1CBB443C003E8933 /* GameScene.swift */,
				E33FA2411CBB443C003E8933 /* GameViewController.swift */,
				E33FA2431CBB443C003E8933 /* Main.storyboard */,
				E33FA2461CBB443C003E8933 /* Assets.xcassets */,
				E33FA2481CBB443C003E8933 /* LaunchScreen.storyboard */,
				E33FA24B1CBB443C003E8933 /* Info.plist */,
				E33FA26D1CBB446B003E8933 /* inputHelper.swift */,
			);
			path = OneTowerDefense;
			sourceTree = "<group>";
		};
		E33FA2531CBB443C003E8933 /* OneTowerDefenseTests */ = {
			isa = PBXGroup;
			children = (
				E33FA2541CBB443C003E8933 /* OneTowerDefenseTests.swift */,
				E33FA2561CBB443C003E8933 /* Info.plist */,
			);
			path = OneTowerDefenseTests;
			sourceTree = "<group>";
		};
		E33FA25E1CBB443C003E8933 /* OneTowerDefenseUITests */ = {
			isa = PBXGroup;
			children = (
				E33FA25F1CBB443C003E8933 /* OneTowerDefenseUITests.swift */,
				E33FA2611CBB443C003E8933 /* Info.plist */,
			);
			path = OneTowerDefenseUITests;
			sourceTree = "<group>";
		};
/* End PBXGroup section */

/* Begin PBXNativeTarget section */
		E33FA2371CBB443C003E8933 /* OneTowerDefense */ = {
			isa = PBXNativeTarget;
			buildConfigurationList = E33FA2641CBB443C003E8933 /* Build configuration list for PBXNativeTarget "OneTowerDefense" */;
			buildPhases = (
				E33FA2341CBB443C003E8933 /* Sources */,
				E33FA2351CBB443C003E8933 /* Frameworks */,
				E33FA2361CBB443C003E8933 /* Resources */,
			);
			buildRules = (
			);
			dependencies = (
			);
			name = OneTowerDefense;
			productName = OneTowerDefense;
			productReference = E33FA2381CBB443C003E8933 /* OneTowerDefense.app */;
			productType = "com.apple.product-type.application";
		};
		E33FA24F1CBB443C003E8933 /* OneTowerDefenseTests */ = {
			isa = PBXNativeTarget;
			buildConfigurationList = E33FA2671CBB443C003E8933 /* Build configuration list for PBXNativeTarget "OneTowerDefenseTests" */;
			buildPhases = (
				E33FA24C1CBB443C003E8933 /* Sources */,
				E33FA24D1CBB443C003E8933 /* Frameworks */,
				E33FA24E1CBB443C003E8933 /* Resources */,
			);
			buildRules = (
			);
			dependencies = (
				E33FA2521CBB443C003E8933 /* PBXTargetDependency */,
			);
			name = OneTowerDefenseTests;
			productName = OneTowerDefenseTests;
			productReference = E33FA2501CBB443C003E8933 /* OneTowerDefenseTests.xctest */;
			productType = "com.apple.product-type.bundle.unit-test";
		};
		E33FA25A1CBB443C003E8933 /* OneTowerDefenseUITests */ = {
			isa = PBXNativeTarget;
			buildConfigurationList = E33FA26A1CBB443C003E8933 /* Build configuration list for PBXNativeTarget "OneTowerDefenseUITests" */;
			buildPhases = (
				E33FA2571CBB443C003E8933 /* Sources */,
				E33FA2581CBB443C003E8933 /* Frameworks */,
				E33FA2591CBB443C003E8933 /* Resources */,
			);
			buildRules = (
			);
			dependencies = (
				E33FA25D1CBB443C003E8933 /* PBXTargetDependency */,
			);
			name = OneTowerDefenseUITests;
			productName = OneTowerDefenseUITests;
			productReference = E33FA25B1CBB443C003E8933 /* OneTowerDefenseUITests.xctest */;
			productType = "com.apple.product-type.bundle.ui-testing";
		};
/* End PBXNativeTarget section */

/* Begin PBXProject section */
		E33FA2301CBB443C003E8933 /* Project object */ = {
			isa = PBXProject;
			attributes = {
				LastSwiftUpdateCheck = 0720;
				LastUpgradeCheck = 0720;
				ORGANIZATIONNAME = "brad huntington";
				TargetAttributes = {
					E33FA2371CBB443C003E8933 = {
						CreatedOnToolsVersion = 7.2.1;
					};
					E33FA24F1CBB443C003E8933 = {
						CreatedOnToolsVersion = 7.2.1;
						TestTargetID = E33FA2371CBB443C003E8933;
					};
					E33FA25A1CBB443C003E8933 = {
						CreatedOnToolsVersion = 7.2.1;
						TestTargetID = E33FA2371CBB443C003E8933;
					};
				};
			};
			buildConfigurationList = E33FA2331CBB443C003E8933 /* Build configuration list for PBXProject "OneTowerDefense" */;
			compatibilityVersion = "Xcode 3.2";
			developmentRegion = English;
			hasScannedForEncodings = 0;
			knownRegions = (
				en,
				Base,
			);
			mainGroup = E33FA22F1CBB443C003E8933;
			productRefGroup = E33FA2391CBB443C003E8933 /* Products */;
			projectDirPath = "";
			projectRoot = "";
			targets = (
				E33FA2371CBB443C003E8933 /* OneTowerDefense */,
				E33FA24F1CBB443C003E8933 /* OneTowerDefenseTests */,
				E33FA25A1CBB443C003E8933 /* OneTowerDefenseUITests */,
			);
		};
/* End PBXProject section */

/* Begin PBXResourcesBuildPhase section */
		E33FA2361CBB443C003E8933 /* Resources */ = {
			isa = PBXResourcesBuildPhase;
			buildActionMask = 2147483647;
			files = (
				E33FA23E1CBB443C003E8933 /* GameScene.sks in Resources */,
				E33FA24A1CBB443C003E8933 /* LaunchScreen.storyboard in Resources */,
				E33FA2471CBB443C003E8933 /* Assets.xcassets in Resources */,
				E33FA2451CBB443C003E8933 /* Main.storyboard in Resources */,
				BC3341661CBB6403009237F3 /* Enemies in Resources */,
			);
			runOnlyForDeploymentPostprocessing = 0;
		};
		E33FA24E1CBB443C003E8933 /* Resources */ = {
			isa = PBXResourcesBuildPhase;
			buildActionMask = 2147483647;
			files = (
			);
			runOnlyForDeploymentPostprocessing = 0;
		};
		E33FA2591CBB443C003E8933 /* Resources */ = {
			isa = PBXResourcesBuildPhase;
			buildActionMask = 2147483647;
			files = (
			);
			runOnlyForDeploymentPostprocessing = 0;
		};
/* End PBXResourcesBuildPhase section */

/* Begin PBXSourcesBuildPhase section */
		E33FA2341CBB443C003E8933 /* Sources */ = {
			isa = PBXSourcesBuildPhase;
			buildActionMask = 2147483647;
			files = (
				E395B3831CC0AA150065E076 /* Enemy.swift in Sources */,
				E395B37F1CC0A8FC0065E076 /* Turret.swift in Sources */,
				E33FA2401CBB443C003E8933 /* GameScene.swift in Sources */,
				E33FA26E1CBB446B003E8933 /* inputHelper.swift in Sources */,
				E33FA2421CBB443C003E8933 /* GameViewController.swift in Sources */,
				E33FA23C1CBB443C003E8933 /* AppDelegate.swift in Sources */,
				E395B3811CC0A9030065E076 /* Bullet.swift in Sources */,
			);
			runOnlyForDeploymentPostprocessing = 0;
		};
		E33FA24C1CBB443C003E8933 /* Sources */ = {
			isa = PBXSourcesBuildPhase;
			buildActionMask = 2147483647;
			files = (
				E33FA2551CBB443C003E8933 /* OneTowerDefenseTests.swift in Sources */,
			);
			runOnlyForDeploymentPostprocessing = 0;
		};
		E33FA2571CBB443C003E8933 /* Sources */ = {
			isa = PBXSourcesBuildPhase;
			buildActionMask = 2147483647;
			files = (
				E33FA2601CBB443C003E8933 /* OneTowerDefenseUITests.swift in Sources */,
			);
			runOnlyForDeploymentPostprocessing = 0;
		};
/* End PBXSourcesBuildPhase section */

/* Begin PBXTargetDependency section */
		E33FA2521CBB443C003E8933 /* PBXTargetDependency */ = {
			isa = PBXTargetDependency;
			target = E33FA2371CBB443C003E8933 /* OneTowerDefense */;
			targetProxy = E33FA2511CBB443C003E8933 /* PBXContainerItemProxy */;
		};
		E33FA25D1CBB443C003E8933 /* PBXTargetDependency */ = {
			isa = PBXTargetDependency;
			target = E33FA2371CBB443C003E8933 /* OneTowerDefense */;
			targetProxy = E33FA25C1CBB443C003E8933 /* PBXContainerItemProxy */;
		};
/* End PBXTargetDependency section */

/* Begin PBXVariantGroup section */
		E33FA2431CBB443C003E8933 /* Main.storyboard */ = {
			isa = PBXVariantGroup;
			children = (
				E33FA2441CBB443C003E8933 /* Base */,
			);
			name = Main.storyboard;
			sourceTree = "<group>";
		};
		E33FA2481CBB443C003E8933 /* LaunchScreen.storyboard */ = {
			isa = PBXVariantGroup;
			children = (
				E33FA2491CBB443C003E8933 /* Base */,
			);
			name = LaunchScreen.storyboard;
			sourceTree = "<group>";
		};
/* End PBXVariantGroup section */

/* Begin XCBuildConfiguration section */
		E33FA2621CBB443C003E8933 /* Debug */ = {
			isa = XCBuildConfiguration;
			buildSettings = {
				ALWAYS_SEARCH_USER_PATHS = NO;
				CLANG_CXX_LANGUAGE_STANDARD = "gnu++0x";
				CLANG_CXX_LIBRARY = "libc++";
				CLANG_ENABLE_MODULES = YES;
				CLANG_ENABLE_OBJC_ARC = YES;
				CLANG_WARN_BOOL_CONVERSION = YES;
				CLANG_WARN_CONSTANT_CONVERSION = YES;
				CLANG_WARN_DIRECT_OBJC_ISA_USAGE = YES_ERROR;
				CLANG_WARN_EMPTY_BODY = YES;
				CLANG_WARN_ENUM_CONVERSION = YES;
				CLANG_WARN_INT_CONVERSION = YES;
				CLANG_WARN_OBJC_ROOT_CLASS = YES_ERROR;
				CLANG_WARN_UNREACHABLE_CODE = YES;
				CLANG_WARN__DUPLICATE_METHOD_MATCH = YES;
				"CODE_SIGN_IDENTITY[sdk=iphoneos*]" = "iPhone Developer";
				COPY_PHASE_STRIP = NO;
				DEBUG_INFORMATION_FORMAT = "dwarf-with-dsym";
				ENABLE_STRICT_OBJC_MSGSEND = YES;
				ENABLE_TESTABILITY = YES;
				GCC_C_LANGUAGE_STANDARD = gnu99;
				GCC_DYNAMIC_NO_PIC = NO;
				GCC_NO_COMMON_BLOCKS = YES;
				GCC_OPTIMIZATION_LEVEL = 0;
				GCC_PREPROCESSOR_DEFINITIONS = (
					"DEBUG=1",
					"$(inherited)",
				);
				GCC_WARN_64_TO_32_BIT_CONVERSION = YES;
				GCC_WARN_ABOUT_RETURN_TYPE = YES_ERROR;
				GCC_WARN_UNDECLARED_SELECTOR = YES;
				GCC_WARN_UNINITIALIZED_AUTOS = YES_AGGRESSIVE;
				GCC_WARN_UNUSED_FUNCTION = YES;
				GCC_WARN_UNUSED_VARIABLE = YES;
				IPHONEOS_DEPLOYMENT_TARGET = 9.2;
				MTL_ENABLE_DEBUG_INFO = YES;
				ONLY_ACTIVE_ARCH = YES;
				SDKROOT = iphoneos;
				SWIFT_OPTIMIZATION_LEVEL = "-Onone";
				TARGETED_DEVICE_FAMILY = "1,2";
			};
			name = Debug;
		};
		E33FA2631CBB443C003E8933 /* Release */ = {
			isa = XCBuildConfiguration;
			buildSettings = {
				ALWAYS_SEARCH_USER_PATHS = NO;
				CLANG_CXX_LANGUAGE_STANDARD = "gnu++0x";
				CLANG_CXX_LIBRARY = "libc++";
				CLANG_ENABLE_MODULES = YES;
				CLANG_ENABLE_OBJC_ARC = YES;
				CLANG_WARN_BOOL_CONVERSION = YES;
				CLANG_WARN_CONSTANT_CONVERSION = YES;
				CLANG_WARN_DIRECT_OBJC_ISA_USAGE = YES_ERROR;
				CLANG_WARN_EMPTY_BODY = YES;
				CLANG_WARN_ENUM_CONVERSION = YES;
				CLANG_WARN_INT_CONVERSION = YES;
				CLANG_WARN_OBJC_ROOT_CLASS = YES_ERROR;
				CLANG_WARN_UNREACHABLE_CODE = YES;
				CLANG_WARN__DUPLICATE_METHOD_MATCH = YES;
				"CODE_SIGN_IDENTITY[sdk=iphoneos*]" = "iPhone Developer";
				COPY_PHASE_STRIP = NO;
				DEBUG_INFORMATION_FORMAT = "dwarf-with-dsym";
				ENABLE_NS_ASSERTIONS = NO;
				ENABLE_STRICT_OBJC_MSGSEND = YES;
				GCC_C_LANGUAGE_STANDARD = gnu99;
				GCC_NO_COMMON_BLOCKS = YES;
				GCC_WARN_64_TO_32_BIT_CONVERSION = YES;
				GCC_WARN_ABOUT_RETURN_TYPE = YES_ERROR;
				GCC_WARN_UNDECLARED_SELECTOR = YES;
				GCC_WARN_UNINITIALIZED_AUTOS = YES_AGGRESSIVE;
				GCC_WARN_UNUSED_FUNCTION = YES;
				GCC_WARN_UNUSED_VARIABLE = YES;
				IPHONEOS_DEPLOYMENT_TARGET = 9.2;
				MTL_ENABLE_DEBUG_INFO = NO;
				SDKROOT = iphoneos;
				TARGETED_DEVICE_FAMILY = "1,2";
				VALIDATE_PRODUCT = YES;
			};
			name = Release;
		};
		E33FA2651CBB443C003E8933 /* Debug */ = {
			isa = XCBuildConfiguration;
			buildSettings = {
				ASSETCATALOG_COMPILER_APPICON_NAME = AppIcon;
				INFOPLIST_FILE = OneTowerDefense/Info.plist;
				LD_RUNPATH_SEARCH_PATHS = "$(inherited) @executable_path/Frameworks";
				PRODUCT_BUNDLE_IDENTIFIER = com.jqsoftware.OneTowerDefense;
				PRODUCT_NAME = "$(TARGET_NAME)";
			};
			name = Debug;
		};
		E33FA2661CBB443C003E8933 /* Release */ = {
			isa = XCBuildConfiguration;
			buildSettings = {
				ASSETCATALOG_COMPILER_APPICON_NAME = AppIcon;
				INFOPLIST_FILE = OneTowerDefense/Info.plist;
				LD_RUNPATH_SEARCH_PATHS = "$(inherited) @executable_path/Frameworks";
				PRODUCT_BUNDLE_IDENTIFIER = com.jqsoftware.OneTowerDefense;
				PRODUCT_NAME = "$(TARGET_NAME)";
			};
			name = Release;
		};
		E33FA2681CBB443C003E8933 /* Debug */ = {
			isa = XCBuildConfiguration;
			buildSettings = {
				BUNDLE_LOADER = "$(TEST_HOST)";
				DEBUG_INFORMATION_FORMAT = dwarf;
				INFOPLIST_FILE = OneTowerDefenseTests/Info.plist;
				LD_RUNPATH_SEARCH_PATHS = "$(inherited) @executable_path/Frameworks @loader_path/Frameworks";
				PRODUCT_BUNDLE_IDENTIFIER = com.jqsoftware.OneTowerDefenseTests;
				PRODUCT_NAME = "$(TARGET_NAME)";
				TEST_HOST = "$(BUILT_PRODUCTS_DIR)/OneTowerDefense.app/OneTowerDefense";
			};
			name = Debug;
		};
		E33FA2691CBB443C003E8933 /* Release */ = {
			isa = XCBuildConfiguration;
			buildSettings = {
				BUNDLE_LOADER = "$(TEST_HOST)";
				INFOPLIST_FILE = OneTowerDefenseTests/Info.plist;
				LD_RUNPATH_SEARCH_PATHS = "$(inherited) @executable_path/Frameworks @loader_path/Frameworks";
				PRODUCT_BUNDLE_IDENTIFIER = com.jqsoftware.OneTowerDefenseTests;
				PRODUCT_NAME = "$(TARGET_NAME)";
				TEST_HOST = "$(BUILT_PRODUCTS_DIR)/OneTowerDefense.app/OneTowerDefense";
			};
			name = Release;
		};
		E33FA26B1CBB443C003E8933 /* Debug */ = {
			isa = XCBuildConfiguration;
			buildSettings = {
				DEBUG_INFORMATION_FORMAT = dwarf;
				INFOPLIST_FILE = OneTowerDefenseUITests/Info.plist;
				LD_RUNPATH_SEARCH_PATHS = "$(inherited) @executable_path/Frameworks @loader_path/Frameworks";
				PRODUCT_BUNDLE_IDENTIFIER = com.jqsoftware.OneTowerDefenseUITests;
				PRODUCT_NAME = "$(TARGET_NAME)";
				TEST_TARGET_NAME = OneTowerDefense;
				USES_XCTRUNNER = YES;
			};
			name = Debug;
		};
		E33FA26C1CBB443C003E8933 /* Release */ = {
			isa = XCBuildConfiguration;
			buildSettings = {
				INFOPLIST_FILE = OneTowerDefenseUITests/Info.plist;
				LD_RUNPATH_SEARCH_PATHS = "$(inherited) @executable_path/Frameworks @loader_path/Frameworks";
				PRODUCT_BUNDLE_IDENTIFIER = com.jqsoftware.OneTowerDefenseUITests;
				PRODUCT_NAME = "$(TARGET_NAME)";
				TEST_TARGET_NAME = OneTowerDefense;
				USES_XCTRUNNER = YES;
			};
			name = Release;
		};
/* End XCBuildConfiguration section */

/* Begin XCConfigurationList section */
		E33FA2331CBB443C003E8933 /* Build configuration list for PBXProject "OneTowerDefense" */ = {
			isa = XCConfigurationList;
			buildConfigurations = (
				E33FA2621CBB443C003E8933 /* Debug */,
				E33FA2631CBB443C003E8933 /* Release */,
			);
			defaultConfigurationIsVisible = 0;
			defaultConfigurationName = Release;
		};
		E33FA2641CBB443C003E8933 /* Build configuration list for PBXNativeTarget "OneTowerDefense" */ = {
			isa = XCConfigurationList;
			buildConfigurations = (
				E33FA2651CBB443C003E8933 /* Debug */,
				E33FA2661CBB443C003E8933 /* Release */,
			);
			defaultConfigurationIsVisible = 0;
			defaultConfigurationName = Release;
		};
		E33FA2671CBB443C003E8933 /* Build configuration list for PBXNativeTarget "OneTowerDefenseTests" */ = {
			isa = XCConfigurationList;
			buildConfigurations = (
				E33FA2681CBB443C003E8933 /* Debug */,
				E33FA2691CBB443C003E8933 /* Release */,
			);
			defaultConfigurationIsVisible = 0;
			defaultConfigurationName = Release;
		};
		E33FA26A1CBB443C003E8933 /* Build configuration list for PBXNativeTarget "OneTowerDefenseUITests" */ = {
			isa = XCConfigurationList;
			buildConfigurations = (
				E33FA26B1CBB443C003E8933 /* Debug */,
				E33FA26C1CBB443C003E8933 /* Release */,
			);
			defaultConfigurationIsVisible = 0;
			defaultConfigurationName = Release;
		};
/* End XCConfigurationList section */
	};
	rootObject = E33FA2301CBB443C003E8933 /* Project object */;
}
